
Microsoft Visual Studio Solution File, Format Version 12.00
# Visual Studio 2012
Project("{FAE04EC0-301F-11D3-BF4B-00C04F79EFBC}") = "tx_sample_html5", "tx_sample_html5.csproj", "{294570F1-EA35-44AE-A4DD-31C0AA6201AA}"
EndProject
Global
	GlobalSection(SolutionConfigurationPlatforms) = preSolution
		Debug|Any CPU = Debug|Any CPU
		Release|Any CPU = Release|Any CPU
	EndGlobalSection
	GlobalSection(ProjectConfigurationPlatforms) = postSolution
		{294570F1-EA35-44AE-A4DD-31C0AA6201AA}.Debug|Any CPU.ActiveCfg = Debug|Any CPU
		{294570F1-EA35-44AE-A4DD-31C0AA6201AA}.Debug|Any CPU.Build.0 = Debug|Any CPU
		{294570F1-EA35-44AE-A4DD-31C0AA6201AA}.Release|Any CPU.ActiveCfg = Release|Any CPU
		{294570F1-EA35-44AE-A4DD-31C0AA6201AA}.Release|Any CPU.Build.0 = Release|Any CPU
	EndGlobalSection
	GlobalSection(SolutionProperties) = preSolution
		HideSolutionNode = FALSE
	EndGlobalSection
EndGlobal
